
Microsoft Visual Studio Solution File, Format Version 12.00
# Visual Studio Version 16
VisualStudioVersion = 16.0.31829.152
MinimumVisualStudioVersion = 10.0.40219.1
Project("{FAE04EC0-301F-11D3-BF4B-00C04F79EFBC}") = "ChainingConstructors", "ChainingConstructors\ChainingConstructors.csproj", "{24E0DCF1-1B42-45B8-B07B-98ECE2780E09}"
EndProject
Global
	GlobalSection(SolutionConfigurationPlatforms) = preSolution
		Debug|Any CPU = Debug|Any CPU
		Release|Any CPU = Release|Any CPU
	EndGlobalSection
	GlobalSection(ProjectConfigurationPlatforms) = postSolution
		{24E0DCF1-1B42-45B8-B07B-98ECE2780E09}.Debug|Any CPU.ActiveCfg = Debug|Any CPU
		{24E0DCF1-1B42-45B8-B07B-98ECE2780E09}.Debug|Any CPU.Build.0 = Debug|Any CPU
		{24E0DCF1-1B42-45B8-B07B-98ECE2780E09}.Release|Any CPU.ActiveCfg = Release|Any CPU
		{24E0DCF1-1B42-45B8-B07B-98ECE2780E09}.Release|Any CPU.Build.0 = Release|Any CPU
	EndGlobalSection
	GlobalSection(SolutionProperties) = preSolution
		HideSolutionNode = FALSE
	EndGlobalSection
	GlobalSection(ExtensibilityGlobals) = postSolution
		SolutionGuid = {7C72F683-5843-4EFB-A4E2-6CF3E4618CB7}
	EndGlobalSection
EndGlobal
