
Microsoft Visual Studio Solution File, Format Version 12.00
# Visual Studio Version 16
VisualStudioVersion = 16.0.31829.152
MinimumVisualStudioVersion = 10.0.40219.1
Project("{FAE04EC0-301F-11D3-BF4B-00C04F79EFBC}") = "IncomeComparison", "IncomeComparison\IncomeComparison.csproj", "{EC22CA03-4CA1-43BB-ADB4-F75D8FA3A0E7}"
EndProject
Global
	GlobalSection(SolutionConfigurationPlatforms) = preSolution
		Debug|Any CPU = Debug|Any CPU
		Release|Any CPU = Release|Any CPU
	EndGlobalSection
	GlobalSection(ProjectConfigurationPlatforms) = postSolution
		{EC22CA03-4CA1-43BB-ADB4-F75D8FA3A0E7}.Debug|Any CPU.ActiveCfg = Debug|Any CPU
		{EC22CA03-4CA1-43BB-ADB4-F75D8FA3A0E7}.Debug|Any CPU.Build.0 = Debug|Any CPU
		{EC22CA03-4CA1-43BB-ADB4-F75D8FA3A0E7}.Release|Any CPU.ActiveCfg = Release|Any CPU
		{EC22CA03-4CA1-43BB-ADB4-F75D8FA3A0E7}.Release|Any CPU.Build.0 = Release|Any CPU
	EndGlobalSection
	GlobalSection(SolutionProperties) = preSolution
		HideSolutionNode = FALSE
	EndGlobalSection
	GlobalSection(ExtensibilityGlobals) = postSolution
		SolutionGuid = {69B9A1C8-1240-4B83-8BE3-6EB277E5800E}
	EndGlobalSection
EndGlobal
