
Microsoft Visual Studio Solution File, Format Version 12.00
# Visual Studio Version 16
VisualStudioVersion = 16.0.31829.152
MinimumVisualStudioVersion = 10.0.40219.1
Project("{FAE04EC0-301F-11D3-BF4B-00C04F79EFBC}") = "TryCatchExceptionHandling", "TryCatchExceptionHandling\TryCatchExceptionHandling.csproj", "{96870FDF-0FE6-4E55-A5B5-439D0348BBFB}"
EndProject
Global
	GlobalSection(SolutionConfigurationPlatforms) = preSolution
		Debug|Any CPU = Debug|Any CPU
		Release|Any CPU = Release|Any CPU
	EndGlobalSection
	GlobalSection(ProjectConfigurationPlatforms) = postSolution
		{96870FDF-0FE6-4E55-A5B5-439D0348BBFB}.Debug|Any CPU.ActiveCfg = Debug|Any CPU
		{96870FDF-0FE6-4E55-A5B5-439D0348BBFB}.Debug|Any CPU.Build.0 = Debug|Any CPU
		{96870FDF-0FE6-4E55-A5B5-439D0348BBFB}.Release|Any CPU.ActiveCfg = Release|Any CPU
		{96870FDF-0FE6-4E55-A5B5-439D0348BBFB}.Release|Any CPU.Build.0 = Release|Any CPU
	EndGlobalSection
	GlobalSection(SolutionProperties) = preSolution
		HideSolutionNode = FALSE
	EndGlobalSection
	GlobalSection(ExtensibilityGlobals) = postSolution
		SolutionGuid = {1CA80859-0B2D-468C-9C01-20DE98B5C2CE}
	EndGlobalSection
EndGlobal
