
Microsoft Visual Studio Solution File, Format Version 12.00
# Visual Studio Version 16
VisualStudioVersion = 16.0.31829.152
MinimumVisualStudioVersion = 10.0.40219.1
Project("{FAE04EC0-301F-11D3-BF4B-00C04F79EFBC}") = "AcmeAccountingConsole", "AcmeAccountingConsole\AcmeAccountingConsole.csproj", "{62A0AF18-CABD-4B83-AAF8-8F3514364795}"
EndProject
Global
	GlobalSection(SolutionConfigurationPlatforms) = preSolution
		Debug|Any CPU = Debug|Any CPU
		Release|Any CPU = Release|Any CPU
	EndGlobalSection
	GlobalSection(ProjectConfigurationPlatforms) = postSolution
		{62A0AF18-CABD-4B83-AAF8-8F3514364795}.Debug|Any CPU.ActiveCfg = Debug|Any CPU
		{62A0AF18-CABD-4B83-AAF8-8F3514364795}.Debug|Any CPU.Build.0 = Debug|Any CPU
		{62A0AF18-CABD-4B83-AAF8-8F3514364795}.Release|Any CPU.ActiveCfg = Release|Any CPU
		{62A0AF18-CABD-4B83-AAF8-8F3514364795}.Release|Any CPU.Build.0 = Release|Any CPU
	EndGlobalSection
	GlobalSection(SolutionProperties) = preSolution
		HideSolutionNode = FALSE
	EndGlobalSection
	GlobalSection(ExtensibilityGlobals) = postSolution
		SolutionGuid = {43E376CA-FD60-43DF-8EC0-11758DF0B178}
	EndGlobalSection
EndGlobal
