
Microsoft Visual Studio Solution File, Format Version 12.00
# Visual Studio Version 16
VisualStudioVersion = 16.0.31829.152
MinimumVisualStudioVersion = 10.0.40219.1
Project("{FAE04EC0-301F-11D3-BF4B-00C04F79EFBC}") = "CallingMethodsSubmission", "CallingMethodsSubmission\CallingMethodsSubmission.csproj", "{48B5EB81-DCE2-44D1-B343-BCEC66559008}"
EndProject
Global
	GlobalSection(SolutionConfigurationPlatforms) = preSolution
		Debug|Any CPU = Debug|Any CPU
		Release|Any CPU = Release|Any CPU
	EndGlobalSection
	GlobalSection(ProjectConfigurationPlatforms) = postSolution
		{48B5EB81-DCE2-44D1-B343-BCEC66559008}.Debug|Any CPU.ActiveCfg = Debug|Any CPU
		{48B5EB81-DCE2-44D1-B343-BCEC66559008}.Debug|Any CPU.Build.0 = Debug|Any CPU
		{48B5EB81-DCE2-44D1-B343-BCEC66559008}.Release|Any CPU.ActiveCfg = Release|Any CPU
		{48B5EB81-DCE2-44D1-B343-BCEC66559008}.Release|Any CPU.Build.0 = Release|Any CPU
	EndGlobalSection
	GlobalSection(SolutionProperties) = preSolution
		HideSolutionNode = FALSE
	EndGlobalSection
	GlobalSection(ExtensibilityGlobals) = postSolution
		SolutionGuid = {A765C95D-606A-4996-93BA-1509A8F46F54}
	EndGlobalSection
EndGlobal
