
Microsoft Visual Studio Solution File, Format Version 12.00
# Visual Studio Version 16
VisualStudioVersion = 16.0.31829.152
MinimumVisualStudioVersion = 10.0.40219.1
Project("{FAE04EC0-301F-11D3-BF4B-00C04F79EFBC}") = "MainMethodSubmission", "MainMethodSubmission\MainMethodSubmission.csproj", "{6788FB85-4130-4021-89AE-D9EEC01DBC6E}"
EndProject
Global
	GlobalSection(SolutionConfigurationPlatforms) = preSolution
		Debug|Any CPU = Debug|Any CPU
		Release|Any CPU = Release|Any CPU
	EndGlobalSection
	GlobalSection(ProjectConfigurationPlatforms) = postSolution
		{6788FB85-4130-4021-89AE-D9EEC01DBC6E}.Debug|Any CPU.ActiveCfg = Debug|Any CPU
		{6788FB85-4130-4021-89AE-D9EEC01DBC6E}.Debug|Any CPU.Build.0 = Debug|Any CPU
		{6788FB85-4130-4021-89AE-D9EEC01DBC6E}.Release|Any CPU.ActiveCfg = Release|Any CPU
		{6788FB85-4130-4021-89AE-D9EEC01DBC6E}.Release|Any CPU.Build.0 = Release|Any CPU
	EndGlobalSection
	GlobalSection(SolutionProperties) = preSolution
		HideSolutionNode = FALSE
	EndGlobalSection
	GlobalSection(ExtensibilityGlobals) = postSolution
		SolutionGuid = {6D0AE3FD-C2DD-4932-AD6A-94CA2CA6445A}
	EndGlobalSection
EndGlobal
